
Microsoft Visual Studio Solution File, Format Version 12.00
# Visual Studio Version 16
VisualStudioVersion = 16.0.33801.447
MinimumVisualStudioVersion = 10.0.40219.1
Project("{FAE04EC0-301F-11D3-BF4B-00C04F79EFBC}") = "BooleanLogic", "BooleanLogic\BooleanLogic.csproj", "{95FA1D46-EF34-470C-AB55-2C9E61BA7F75}"
EndProject
Global
	GlobalSection(SolutionConfigurationPlatforms) = preSolution
		Debug|Any CPU = Debug|Any CPU
		Release|Any CPU = Release|Any CPU
	EndGlobalSection
	GlobalSection(ProjectConfigurationPlatforms) = postSolution
		{95FA1D46-EF34-470C-AB55-2C9E61BA7F75}.Debug|Any CPU.ActiveCfg = Debug|Any CPU
		{95FA1D46-EF34-470C-AB55-2C9E61BA7F75}.Debug|Any CPU.Build.0 = Debug|Any CPU
		{95FA1D46-EF34-470C-AB55-2C9E61BA7F75}.Release|Any CPU.ActiveCfg = Release|Any CPU
		{95FA1D46-EF34-470C-AB55-2C9E61BA7F75}.Release|Any CPU.Build.0 = Release|Any CPU
	EndGlobalSection
	GlobalSection(SolutionProperties) = preSolution
		HideSolutionNode = FALSE
	EndGlobalSection
	GlobalSection(ExtensibilityGlobals) = postSolution
		SolutionGuid = {B0830021-8E55-4112-8812-9D001CE11621}
	EndGlobalSection
EndGlobal
